// !$*UTF8*$!
{
	archiveVersion = 1;
	classes = {
	};
	objectVersion = 50;
	objects = {

/* Begin PBXBuildFile section */
		1897D65424AA819100CD2365 /* AppDelegate.swift in Sources */ = {isa = PBXBuildFile; fileRef = 1897D65324AA819100CD2365 /* AppDelegate.swift */; };
		1897D65624AA819100CD2365 /* SceneDelegate.swift in Sources */ = {isa = PBXBuildFile; fileRef = 1897D65524AA819100CD2365 /* SceneDelegate.swift */; };
		1897D65924AA819100CD2365 /* WOD.xcdatamodeld in Sources */ = {isa = PBXBuildFile; fileRef = 1897D65724AA819100CD2365 /* WOD.xcdatamodeld */; };
		1897D65B24AA819100CD2365 /* ContentView.swift in Sources */ = {isa = PBXBuildFile; fileRef = 1897D65A24AA819100CD2365 /* ContentView.swift */; };
		1897D65D24AA819200CD2365 /* Assets.xcassets in Resources */ = {isa = PBXBuildFile; fileRef = 1897D65C24AA819200CD2365 /* Assets.xcassets */; };
		1897D66024AA819200CD2365 /* Preview Assets.xcassets in Resources */ = {isa = PBXBuildFile; fileRef = 1897D65F24AA819200CD2365 /* Preview Assets.xcassets */; };
		1897D66324AA819200CD2365 /* LaunchScreen.storyboard in Resources */ = {isa = PBXBuildFile; fileRef = 1897D66124AA819200CD2365 /* LaunchScreen.storyboard */; };
		1897D67624AA81E300CD2365 /* bikeimage.jpg in Resources */ = {isa = PBXBuildFile; fileRef = 1897D66B24AA81E200CD2365 /* bikeimage.jpg */; };
		1897D67724AA81E300CD2365 /* wodjson.json in Resources */ = {isa = PBXBuildFile; fileRef = 1897D66C24AA81E200CD2365 /* wodjson.json */; };
		1897D67824AA81E300CD2365 /* amrapimage.jpg in Resources */ = {isa = PBXBuildFile; fileRef = 1897D66D24AA81E200CD2365 /* amrapimage.jpg */; };
		1897D67924AA81E300CD2365 /* emomimage.jpg in Resources */ = {isa = PBXBuildFile; fileRef = 1897D66E24AA81E200CD2365 /* emomimage.jpg */; };
		1897D67A24AA81E300CD2365 /* chipperimage.jpg in Resources */ = {isa = PBXBuildFile; fileRef = 1897D66F24AA81E200CD2365 /* chipperimage.jpg */; };
		1897D67B24AA81E300CD2365 /* background1.jpg in Resources */ = {isa = PBXBuildFile; fileRef = 1897D67024AA81E200CD2365 /* background1.jpg */; };
		1897D67C24AA81E300CD2365 /* ladderimage.jpg in Resources */ = {isa = PBXBuildFile; fileRef = 1897D67124AA81E200CD2365 /* ladderimage.jpg */; };
		1897D67D24AA81E300CD2365 /* tireimage.jpg in Resources */ = {isa = PBXBuildFile; fileRef = 1897D67224AA81E200CD2365 /* tireimage.jpg */; };
		1897D67E24AA81E300CD2365 /* kbimage.jpg in Resources */ = {isa = PBXBuildFile; fileRef = 1897D67324AA81E300CD2365 /* kbimage.jpg */; };
		1897D67F24AA81E300CD2365 /* powerimage.jpg in Resources */ = {isa = PBXBuildFile; fileRef = 1897D67424AA81E300CD2365 /* powerimage.jpg */; };
		1897D68024AA81E300CD2365 /* rftimage.jpg in Resources */ = {isa = PBXBuildFile; fileRef = 1897D67524AA81E300CD2365 /* rftimage.jpg */; };
		1897D68224AA822100CD2365 /* CategoryHome.swift in Sources */ = {isa = PBXBuildFile; fileRef = 1897D68124AA822100CD2365 /* CategoryHome.swift */; };
		1897D68424AA823D00CD2365 /* WODList.swift in Sources */ = {isa = PBXBuildFile; fileRef = 1897D68324AA823D00CD2365 /* WODList.swift */; };
		1897D68624AA825100CD2365 /* WODDetail.swift in Sources */ = {isa = PBXBuildFile; fileRef = 1897D68524AA825100CD2365 /* WODDetail.swift */; };
		1897D68924AA827800CD2365 /* ColorManager.swift in Sources */ = {isa = PBXBuildFile; fileRef = 1897D68824AA827800CD2365 /* ColorManager.swift */; };
		1897D68B24AA828900CD2365 /* Data.swift in Sources */ = {isa = PBXBuildFile; fileRef = 1897D68A24AA828900CD2365 /* Data.swift */; };
		1897D68D24AA829D00CD2365 /* Workout.swift in Sources */ = {isa = PBXBuildFile; fileRef = 1897D68C24AA829D00CD2365 /* Workout.swift */; };
		1897D69424AA82F000CD2365 /* TabViewCategories.swift in Sources */ = {isa = PBXBuildFile; fileRef = 1897D69324AA82F000CD2365 /* TabViewCategories.swift */; };
		1897D69624AA830D00CD2365 /* CategoryRow.swift in Sources */ = {isa = PBXBuildFile; fileRef = 1897D69524AA830D00CD2365 /* CategoryRow.swift */; };
		1897D69824AA832300CD2365 /* WODRow.swift in Sources */ = {isa = PBXBuildFile; fileRef = 1897D69724AA832300CD2365 /* WODRow.swift */; };
		1897D69A24AA833E00CD2365 /* StopWatch.swift in Sources */ = {isa = PBXBuildFile; fileRef = 1897D69924AA833E00CD2365 /* StopWatch.swift */; };
		1897D69C24AA835600CD2365 /* StopWatchCircle.swift in Sources */ = {isa = PBXBuildFile; fileRef = 1897D69B24AA835600CD2365 /* StopWatchCircle.swift */; };
		1897D69E24AA836E00CD2365 /* StopWatchButtons.swift in Sources */ = {isa = PBXBuildFile; fileRef = 1897D69D24AA836E00CD2365 /* StopWatchButtons.swift */; };
		1897D6A024AA838500CD2365 /* CustomToggle.swift in Sources */ = {isa = PBXBuildFile; fileRef = 1897D69F24AA838500CD2365 /* CustomToggle.swift */; };
		1897D6A324AA83AE00CD2365 /* WODCards.swift in Sources */ = {isa = PBXBuildFile; fileRef = 1897D6A224AA83AE00CD2365 /* WODCards.swift */; };
		1897D6A524AA83C900CD2365 /* SearchBarExpandable.swift in Sources */ = {isa = PBXBuildFile; fileRef = 1897D6A424AA83C900CD2365 /* SearchBarExpandable.swift */; };
		1897D6A724AA83E200CD2365 /* SearchBar.swift in Sources */ = {isa = PBXBuildFile; fileRef = 1897D6A624AA83E200CD2365 /* SearchBar.swift */; };
		1897D6A924AA858400CD2365 /* Colors.xcassets in Resources */ = {isa = PBXBuildFile; fileRef = 1897D6A824AA858400CD2365 /* Colors.xcassets */; };
		1897D6AB24AA915300CD2365 /* UserData.swift in Sources */ = {isa = PBXBuildFile; fileRef = 1897D6AA24AA915300CD2365 /* UserData.swift */; };
/* End PBXBuildFile section */

/* Begin PBXFileReference section */
		1897D65024AA819100CD2365 /* WOD.app */ = {isa = PBXFileReference; explicitFileType = wrapper.application; includeInIndex = 0; path = WOD.app; sourceTree = BUILT_PRODUCTS_DIR; };
		1897D65324AA819100CD2365 /* AppDelegate.swift */ = {isa = PBXFileReference; lastKnownFileType = sourcecode.swift; path = AppDelegate.swift; sourceTree = "<group>"; };
		1897D65524AA819100CD2365 /* SceneDelegate.swift */ = {isa = PBXFileReference; lastKnownFileType = sourcecode.swift; path = SceneDelegate.swift; sourceTree = "<group>"; };
		1897D65824AA819100CD2365 /* WOD.xcdatamodel */ = {isa = PBXFileReference; lastKnownFileType = wrapper.xcdatamodel; path = WOD.xcdatamodel; sourceTree = "<group>"; };
		1897D65A24AA819100CD2365 /* ContentView.swift */ = {isa = PBXFileReference; lastKnownFileType = sourcecode.swift; path = ContentView.swift; sourceTree = "<group>"; };
		1897D65C24AA819200CD2365 /* Assets.xcassets */ = {isa = PBXFileReference; lastKnownFileType = folder.assetcatalog; path = Assets.xcassets; sourceTree = "<group>"; };
		1897D65F24AA819200CD2365 /* Preview Assets.xcassets */ = {isa = PBXFileReference; lastKnownFileType = folder.assetcatalog; path = "Preview Assets.xcassets"; sourceTree = "<group>"; };
		1897D66224AA819200CD2365 /* Base */ = {isa = PBXFileReference; lastKnownFileType = file.storyboard; name = Base; path = Base.lproj/LaunchScreen.storyboard; sourceTree = "<group>"; };
		1897D66424AA819200CD2365 /* Info.plist */ = {isa = PBXFileReference; lastKnownFileType = text.plist.xml; path = Info.plist; sourceTree = "<group>"; };
		1897D66B24AA81E200CD2365 /* bikeimage.jpg */ = {isa = PBXFileReference; lastKnownFileType = image.jpeg; path = bikeimage.jpg; sourceTree = "<group>"; };
		1897D66C24AA81E200CD2365 /* wodjson.json */ = {isa = PBXFileReference; fileEncoding = 4; lastKnownFileType = text.json; path = wodjson.json; sourceTree = "<group>"; };
		1897D66D24AA81E200CD2365 /* amrapimage.jpg */ = {isa = PBXFileReference; lastKnownFileType = image.jpeg; path = amrapimage.jpg; sourceTree = "<group>"; };
		1897D66E24AA81E200CD2365 /* emomimage.jpg */ = {isa = PBXFileReference; lastKnownFileType = image.jpeg; path = emomimage.jpg; sourceTree = "<group>"; };
		1897D66F24AA81E200CD2365 /* chipperimage.jpg */ = {isa = PBXFileReference; lastKnownFileType = image.jpeg; path = chipperimage.jpg; sourceTree = "<group>"; };
		1897D67024AA81E200CD2365 /* background1.jpg */ = {isa = PBXFileReference; lastKnownFileType = image.jpeg; path = background1.jpg; sourceTree = "<group>"; };
		1897D67124AA81E200CD2365 /* ladderimage.jpg */ = {isa = PBXFileReference; lastKnownFileType = image.jpeg; path = ladderimage.jpg; sourceTree = "<group>"; };
		1897D67224AA81E200CD2365 /* tireimage.jpg */ = {isa = PBXFileReference; lastKnownFileType = image.jpeg; path = tireimage.jpg; sourceTree = "<group>"; };
		1897D67324AA81E300CD2365 /* kbimage.jpg */ = {isa = PBXFileReference; lastKnownFileType = image.jpeg; path = kbimage.jpg; sourceTree = "<group>"; };
		1897D67424AA81E300CD2365 /* powerimage.jpg */ = {isa = PBXFileReference; lastKnownFileType = image.jpeg; path = powerimage.jpg; sourceTree = "<group>"; };
		1897D67524AA81E300CD2365 /* rftimage.jpg */ = {isa = PBXFileReference; lastKnownFileType = image.jpeg; path = rftimage.jpg; sourceTree = "<group>"; };
		1897D68124AA822100CD2365 /* CategoryHome.swift */ = {isa = PBXFileReference; lastKnownFileType = sourcecode.swift; path = CategoryHome.swift; sourceTree = "<group>"; };
		1897D68324AA823D00CD2365 /* WODList.swift */ = {isa = PBXFileReference; lastKnownFileType = sourcecode.swift; path = WODList.swift; sourceTree = "<group>"; };
		1897D68524AA825100CD2365 /* WODDetail.swift */ = {isa = PBXFileReference; lastKnownFileType = sourcecode.swift; path = WODDetail.swift; sourceTree = "<group>"; };
		1897D68824AA827800CD2365 /* ColorManager.swift */ = {isa = PBXFileReference; lastKnownFileType = sourcecode.swift; path = ColorManager.swift; sourceTree = "<group>"; };
		1897D68A24AA828900CD2365 /* Data.swift */ = {isa = PBXFileReference; lastKnownFileType = sourcecode.swift; path = Data.swift; sourceTree = "<group>"; };
		1897D68C24AA829D00CD2365 /* Workout.swift */ = {isa = PBXFileReference; lastKnownFileType = sourcecode.swift; path = Workout.swift; sourceTree = "<group>"; };
		1897D69324AA82F000CD2365 /* TabViewCategories.swift */ = {isa = PBXFileReference; lastKnownFileType = sourcecode.swift; path = TabViewCategories.swift; sourceTree = "<group>"; };
		1897D69524AA830D00CD2365 /* CategoryRow.swift */ = {isa = PBXFileReference; lastKnownFileType = sourcecode.swift; path = CategoryRow.swift; sourceTree = "<group>"; };
		1897D69724AA832300CD2365 /* WODRow.swift */ = {isa = PBXFileReference; lastKnownFileType = sourcecode.swift; path = WODRow.swift; sourceTree = "<group>"; };
		1897D69924AA833E00CD2365 /* StopWatch.swift */ = {isa = PBXFileReference; lastKnownFileType = sourcecode.swift; path = StopWatch.swift; sourceTree = "<group>"; };
		1897D69B24AA835600CD2365 /* StopWatchCircle.swift */ = {isa = PBXFileReference; lastKnownFileType = sourcecode.swift; path = StopWatchCircle.swift; sourceTree = "<group>"; };
		1897D69D24AA836E00CD2365 /* StopWatchButtons.swift */ = {isa = PBXFileReference; lastKnownFileType = sourcecode.swift; path = StopWatchButtons.swift; sourceTree = "<group>"; };
		1897D69F24AA838500CD2365 /* CustomToggle.swift */ = {isa = PBXFileReference; lastKnownFileType = sourcecode.swift; path = CustomToggle.swift; sourceTree = "<group>"; };
		1897D6A224AA83AE00CD2365 /* WODCards.swift */ = {isa = PBXFileReference; lastKnownFileType = sourcecode.swift; path = WODCards.swift; sourceTree = "<group>"; };
		1897D6A424AA83C900CD2365 /* SearchBarExpandable.swift */ = {isa = PBXFileReference; lastKnownFileType = sourcecode.swift; path = SearchBarExpandable.swift; sourceTree = "<group>"; };
		1897D6A624AA83E200CD2365 /* SearchBar.swift */ = {isa = PBXFileReference; lastKnownFileType = sourcecode.swift; path = SearchBar.swift; sourceTree = "<group>"; };
		1897D6A824AA858400CD2365 /* Colors.xcassets */ = {isa = PBXFileReference; lastKnownFileType = folder.assetcatalog; path = Colors.xcassets; sourceTree = "<group>"; };
		1897D6AA24AA915300CD2365 /* UserData.swift */ = {isa = PBXFileReference; fileEncoding = 4; lastKnownFileType = sourcecode.swift; path = UserData.swift; sourceTree = "<group>"; };
/* End PBXFileReference section */

/* Begin PBXFrameworksBuildPhase section */
		1897D64D24AA819100CD2365 /* Frameworks */ = {
			isa = PBXFrameworksBuildPhase;
			buildActionMask = 2147483647;
			files = (
			);
			runOnlyForDeploymentPostprocessing = 0;
		};
/* End PBXFrameworksBuildPhase section */

/* Begin PBXGroup section */
		1897D64724AA819100CD2365 = {
			isa = PBXGroup;
			children = (
				1897D65224AA819100CD2365 /* WOD */,
				1897D65124AA819100CD2365 /* Products */,
			);
			sourceTree = "<group>";
		};
		1897D65124AA819100CD2365 /* Products */ = {
			isa = PBXGroup;
			children = (
				1897D65024AA819100CD2365 /* WOD.app */,
			);
			name = Products;
			sourceTree = "<group>";
		};
		1897D65224AA819100CD2365 /* WOD */ = {
			isa = PBXGroup;
			children = (
				1897D68124AA822100CD2365 /* CategoryHome.swift */,
				1897D68324AA823D00CD2365 /* WODList.swift */,
				1897D68524AA825100CD2365 /* WODDetail.swift */,
				1897D68724AA826900CD2365 /* Models */,
				1897D69224AA82D800CD2365 /* Support Views */,
				1897D6A124AA839900CD2365 /* Work in Progress */,
				1897D65324AA819100CD2365 /* AppDelegate.swift */,
				1897D65A24AA819100CD2365 /* ContentView.swift */,
				1897D65524AA819100CD2365 /* SceneDelegate.swift */,
				1897D66A24AA81B500CD2365 /* Resources */,
				1897D65C24AA819200CD2365 /* Assets.xcassets */,
				1897D66124AA819200CD2365 /* LaunchScreen.storyboard */,
				1897D66424AA819200CD2365 /* Info.plist */,
				1897D65724AA819100CD2365 /* WOD.xcdatamodeld */,
				1897D65E24AA819200CD2365 /* Preview Content */,
				1897D6A824AA858400CD2365 /* Colors.xcassets */,
			);
			path = WOD;
			sourceTree = "<group>";
		};
		1897D65E24AA819200CD2365 /* Preview Content */ = {
			isa = PBXGroup;
			children = (
				1897D65F24AA819200CD2365 /* Preview Assets.xcassets */,
			);
			path = "Preview Content";
			sourceTree = "<group>";
		};
		1897D66A24AA81B500CD2365 /* Resources */ = {
			isa = PBXGroup;
			children = (
				1897D66D24AA81E200CD2365 /* amrapimage.jpg */,
				1897D67024AA81E200CD2365 /* background1.jpg */,
				1897D66B24AA81E200CD2365 /* bikeimage.jpg */,
				1897D66F24AA81E200CD2365 /* chipperimage.jpg */,
				1897D66E24AA81E200CD2365 /* emomimage.jpg */,
				1897D67324AA81E300CD2365 /* kbimage.jpg */,
				1897D67124AA81E200CD2365 /* ladderimage.jpg */,
				1897D67424AA81E300CD2365 /* powerimage.jpg */,
				1897D67524AA81E300CD2365 /* rftimage.jpg */,
				1897D67224AA81E200CD2365 /* tireimage.jpg */,
				1897D66C24AA81E200CD2365 /* wodjson.json */,
			);
			path = Resources;
			sourceTree = "<group>";
		};
		1897D68724AA826900CD2365 /* Models */ = {
			isa = PBXGroup;
			children = (
				1897D6AA24AA915300CD2365 /* UserData.swift */,
				1897D68824AA827800CD2365 /* ColorManager.swift */,
				1897D68A24AA828900CD2365 /* Data.swift */,
				1897D68C24AA829D00CD2365 /* Workout.swift */,
			);
			path = Models;
			sourceTree = "<group>";
		};
		1897D69224AA82D800CD2365 /* Support Views */ = {
			isa = PBXGroup;
			children = (
				1897D69324AA82F000CD2365 /* TabViewCategories.swift */,
				1897D69524AA830D00CD2365 /* CategoryRow.swift */,
				1897D69724AA832300CD2365 /* WODRow.swift */,
				1897D69924AA833E00CD2365 /* StopWatch.swift */,
				1897D69B24AA835600CD2365 /* StopWatchCircle.swift */,
				1897D69D24AA836E00CD2365 /* StopWatchButtons.swift */,
				1897D69F24AA838500CD2365 /* CustomToggle.swift */,
			);
			path = "Support Views";
			sourceTree = "<group>";
		};
		1897D6A124AA839900CD2365 /* Work in Progress */ = {
			isa = PBXGroup;
			children = (
				1897D6A224AA83AE00CD2365 /* WODCards.swift */,
				1897D6A424AA83C900CD2365 /* SearchBarExpandable.swift */,
				1897D6A624AA83E200CD2365 /* SearchBar.swift */,
			);
			path = "Work in Progress";
			sourceTree = "<group>";
		};
/* End PBXGroup section */

/* Begin PBXNativeTarget section */
		1897D64F24AA819100CD2365 /* WOD */ = {
			isa = PBXNativeTarget;
			buildConfigurationList = 1897D66724AA819200CD2365 /* Build configuration list for PBXNativeTarget "WOD" */;
			buildPhases = (
				1897D64C24AA819100CD2365 /* Sources */,
				1897D64D24AA819100CD2365 /* Frameworks */,
				1897D64E24AA819100CD2365 /* Resources */,
			);
			buildRules = (
			);
			dependencies = (
			);
			name = WOD;
			productName = WOD;
			productReference = 1897D65024AA819100CD2365 /* WOD.app */;
			productType = "com.apple.product-type.application";
		};
/* End PBXNativeTarget section */

/* Begin PBXProject section */
		1897D64824AA819100CD2365 /* Project object */ = {
			isa = PBXProject;
			attributes = {
				LastSwiftUpdateCheck = 1150;
				LastUpgradeCheck = 1150;
				ORGANIZATIONNAME = Tech;
				TargetAttributes = {
					1897D64F24AA819100CD2365 = {
						CreatedOnToolsVersion = 11.5;
					};
				};
			};
			buildConfigurationList = 1897D64B24AA819100CD2365 /* Build configuration list for PBXProject "WOD" */;
			compatibilityVersion = "Xcode 9.3";
			developmentRegion = en;
			hasScannedForEncodings = 0;
			knownRegions = (
				en,
				Base,
			);
			mainGroup = 1897D64724AA819100CD2365;
			productRefGroup = 1897D65124AA819100CD2365 /* Products */;
			projectDirPath = "";
			projectRoot = "";
			targets = (
				1897D64F24AA819100CD2365 /* WOD */,
			);
		};
/* End PBXProject section */

/* Begin PBXResourcesBuildPhase section */
		1897D64E24AA819100CD2365 /* Resources */ = {
			isa = PBXResourcesBuildPhase;
			buildActionMask = 2147483647;
			files = (
				1897D6A924AA858400CD2365 /* Colors.xcassets in Resources */,
				1897D67724AA81E300CD2365 /* wodjson.json in Resources */,
				1897D67B24AA81E300CD2365 /* background1.jpg in Resources */,
				1897D66324AA819200CD2365 /* LaunchScreen.storyboard in Resources */,
				1897D67D24AA81E300CD2365 /* tireimage.jpg in Resources */,
				1897D67C24AA81E300CD2365 /* ladderimage.jpg in Resources */,
				1897D67F24AA81E300CD2365 /* powerimage.jpg in Resources */,
				1897D68024AA81E300CD2365 /* rftimage.jpg in Resources */,
				1897D66024AA819200CD2365 /* Preview Assets.xcassets in Resources */,
				1897D67E24AA81E300CD2365 /* kbimage.jpg in Resources */,
				1897D67824AA81E300CD2365 /* amrapimage.jpg in Resources */,
				1897D67624AA81E300CD2365 /* bikeimage.jpg in Resources */,
				1897D67A24AA81E300CD2365 /* chipperimage.jpg in Resources */,
				1897D67924AA81E300CD2365 /* emomimage.jpg in Resources */,
				1897D65D24AA819200CD2365 /* Assets.xcassets in Resources */,
			);
			runOnlyForDeploymentPostprocessing = 0;
		};
/* End PBXResourcesBuildPhase section */

/* Begin PBXSourcesBuildPhase section */
		1897D64C24AA819100CD2365 /* Sources */ = {
			isa = PBXSourcesBuildPhase;
			buildActionMask = 2147483647;
			files = (
				1897D68424AA823D00CD2365 /* WODList.swift in Sources */,
				1897D69E24AA836E00CD2365 /* StopWatchButtons.swift in Sources */,
				1897D68624AA825100CD2365 /* WODDetail.swift in Sources */,
				1897D6A524AA83C900CD2365 /* SearchBarExpandable.swift in Sources */,
				1897D65424AA819100CD2365 /* AppDelegate.swift in Sources */,
				1897D6A324AA83AE00CD2365 /* WODCards.swift in Sources */,
				1897D68D24AA829D00CD2365 /* Workout.swift in Sources */,
				1897D65924AA819100CD2365 /* WOD.xcdatamodeld in Sources */,
				1897D69624AA830D00CD2365 /* CategoryRow.swift in Sources */,
				1897D6AB24AA915300CD2365 /* UserData.swift in Sources */,
				1897D69824AA832300CD2365 /* WODRow.swift in Sources */,
				1897D65B24AA819100CD2365 /* ContentView.swift in Sources */,
				1897D65624AA819100CD2365 /* SceneDelegate.swift in Sources */,
				1897D68224AA822100CD2365 /* CategoryHome.swift in Sources */,
				1897D6A724AA83E200CD2365 /* SearchBar.swift in Sources */,
				1897D6A024AA838500CD2365 /* CustomToggle.swift in Sources */,
				1897D68B24AA828900CD2365 /* Data.swift in Sources */,
				1897D69A24AA833E00CD2365 /* StopWatch.swift in Sources */,
				1897D69424AA82F000CD2365 /* TabViewCategories.swift in Sources */,
				1897D68924AA827800CD2365 /* ColorManager.swift in Sources */,
				1897D69C24AA835600CD2365 /* StopWatchCircle.swift in Sources */,
			);
			runOnlyForDeploymentPostprocessing = 0;
		};
/* End PBXSourcesBuildPhase section */

/* Begin PBXVariantGroup section */
		1897D66124AA819200CD2365 /* LaunchScreen.storyboard */ = {
			isa = PBXVariantGroup;
			children = (
				1897D66224AA819200CD2365 /* Base */,
			);
			name = LaunchScreen.storyboard;
			sourceTree = "<group>";
		};
/* End PBXVariantGroup section */

/* Begin XCBuildConfiguration section */
		1897D66524AA819200CD2365 /* Debug */ = {
			isa = XCBuildConfiguration;
			buildSettings = {
				ALWAYS_SEARCH_USER_PATHS = NO;
				CLANG_ANALYZER_NONNULL = YES;
				CLANG_ANALYZER_NUMBER_OBJECT_CONVERSION = YES_AGGRESSIVE;
				CLANG_CXX_LANGUAGE_STANDARD = "gnu++14";
				CLANG_CXX_LIBRARY = "libc++";
				CLANG_ENABLE_MODULES = YES;
				CLANG_ENABLE_OBJC_ARC = YES;
				CLANG_ENABLE_OBJC_WEAK = YES;
				CLANG_WARN_BLOCK_CAPTURE_AUTORELEASING = YES;
				CLANG_WARN_BOOL_CONVERSION = YES;
				CLANG_WARN_COMMA = YES;
				CLANG_WARN_CONSTANT_CONVERSION = YES;
				CLANG_WARN_DEPRECATED_OBJC_IMPLEMENTATIONS = YES;
				CLANG_WARN_DIRECT_OBJC_ISA_USAGE = YES_ERROR;
				CLANG_WARN_DOCUMENTATION_COMMENTS = YES;
				CLANG_WARN_EMPTY_BODY = YES;
				CLANG_WARN_ENUM_CONVERSION = YES;
				CLANG_WARN_INFINITE_RECURSION = YES;
				CLANG_WARN_INT_CONVERSION = YES;
				CLANG_WARN_NON_LITERAL_NULL_CONVERSION = YES;
				CLANG_WARN_OBJC_IMPLICIT_RETAIN_SELF = YES;
				CLANG_WARN_OBJC_LITERAL_CONVERSION = YES;
				CLANG_WARN_OBJC_ROOT_CLASS = YES_ERROR;
				CLANG_WARN_RANGE_LOOP_ANALYSIS = YES;
				CLANG_WARN_STRICT_PROTOTYPES = YES;
				CLANG_WARN_SUSPICIOUS_MOVE = YES;
				CLANG_WARN_UNGUARDED_AVAILABILITY = YES_AGGRESSIVE;
				CLANG_WARN_UNREACHABLE_CODE = YES;
				CLANG_WARN__DUPLICATE_METHOD_MATCH = YES;
				COPY_PHASE_STRIP = NO;
				DEBUG_INFORMATION_FORMAT = dwarf;
				ENABLE_STRICT_OBJC_MSGSEND = YES;
				ENABLE_TESTABILITY = YES;
				GCC_C_LANGUAGE_STANDARD = gnu11;
				GCC_DYNAMIC_NO_PIC = NO;
				GCC_NO_COMMON_BLOCKS = YES;
				GCC_OPTIMIZATION_LEVEL = 0;
				GCC_PREPROCESSOR_DEFINITIONS = (
					"DEBUG=1",
					"$(inherited)",
				);
				GCC_WARN_64_TO_32_BIT_CONVERSION = YES;
				GCC_WARN_ABOUT_RETURN_TYPE = YES_ERROR;
				GCC_WARN_UNDECLARED_SELECTOR = YES;
				GCC_WARN_UNINITIALIZED_AUTOS = YES_AGGRESSIVE;
				GCC_WARN_UNUSED_FUNCTION = YES;
				GCC_WARN_UNUSED_VARIABLE = YES;
				IPHONEOS_DEPLOYMENT_TARGET = 13.5;
				MTL_ENABLE_DEBUG_INFO = INCLUDE_SOURCE;
				MTL_FAST_MATH = YES;
				ONLY_ACTIVE_ARCH = YES;
				SDKROOT = iphoneos;
				SWIFT_ACTIVE_COMPILATION_CONDITIONS = DEBUG;
				SWIFT_OPTIMIZATION_LEVEL = "-Onone";
			};
			name = Debug;
		};
		1897D66624AA819200CD2365 /* Release */ = {
			isa = XCBuildConfiguration;
			buildSettings = {
				ALWAYS_SEARCH_USER_PATHS = NO;
				CLANG_ANALYZER_NONNULL = YES;
				CLANG_ANALYZER_NUMBER_OBJECT_CONVERSION = YES_AGGRESSIVE;
				CLANG_CXX_LANGUAGE_STANDARD = "gnu++14";
				CLANG_CXX_LIBRARY = "libc++";
				CLANG_ENABLE_MODULES = YES;
				CLANG_ENABLE_OBJC_ARC = YES;
				CLANG_ENABLE_OBJC_WEAK = YES;
				CLANG_WARN_BLOCK_CAPTURE_AUTORELEASING = YES;
				CLANG_WARN_BOOL_CONVERSION = YES;
				CLANG_WARN_COMMA = YES;
				CLANG_WARN_CONSTANT_CONVERSION = YES;
				CLANG_WARN_DEPRECATED_OBJC_IMPLEMENTATIONS = YES;
				CLANG_WARN_DIRECT_OBJC_ISA_USAGE = YES_ERROR;
				CLANG_WARN_DOCUMENTATION_COMMENTS = YES;
				CLANG_WARN_EMPTY_BODY = YES;
				CLANG_WARN_ENUM_CONVERSION = YES;
				CLANG_WARN_INFINITE_RECURSION = YES;
				CLANG_WARN_INT_CONVERSION = YES;
				CLANG_WARN_NON_LITERAL_NULL_CONVERSION = YES;
				CLANG_WARN_OBJC_IMPLICIT_RETAIN_SELF = YES;
				CLANG_WARN_OBJC_LITERAL_CONVERSION = YES;
				CLANG_WARN_OBJC_ROOT_CLASS = YES_ERROR;
				CLANG_WARN_RANGE_LOOP_ANALYSIS = YES;
				CLANG_WARN_STRICT_PROTOTYPES = YES;
				CLANG_WARN_SUSPICIOUS_MOVE = YES;
				CLANG_WARN_UNGUARDED_AVAILABILITY = YES_AGGRESSIVE;
				CLANG_WARN_UNREACHABLE_CODE = YES;
				CLANG_WARN__DUPLICATE_METHOD_MATCH = YES;
				COPY_PHASE_STRIP = NO;
				DEBUG_INFORMATION_FORMAT = "dwarf-with-dsym";
				ENABLE_NS_ASSERTIONS = NO;
				ENABLE_STRICT_OBJC_MSGSEND = YES;
				GCC_C_LANGUAGE_STANDARD = gnu11;
				GCC_NO_COMMON_BLOCKS = YES;
				GCC_WARN_64_TO_32_BIT_CONVERSION = YES;
				GCC_WARN_ABOUT_RETURN_TYPE = YES_ERROR;
				GCC_WARN_UNDECLARED_SELECTOR = YES;
				GCC_WARN_UNINITIALIZED_AUTOS = YES_AGGRESSIVE;
				GCC_WARN_UNUSED_FUNCTION = YES;
				GCC_WARN_UNUSED_VARIABLE = YES;
				IPHONEOS_DEPLOYMENT_TARGET = 13.5;
				MTL_ENABLE_DEBUG_INFO = NO;
				MTL_FAST_MATH = YES;
				SDKROOT = iphoneos;
				SWIFT_COMPILATION_MODE = wholemodule;
				SWIFT_OPTIMIZATION_LEVEL = "-O";
				VALIDATE_PRODUCT = YES;
			};
			name = Release;
		};
		1897D66824AA819200CD2365 /* Debug */ = {
			isa = XCBuildConfiguration;
			buildSettings = {
				ASSETCATALOG_COMPILER_APPICON_NAME = AppIcon;
				CODE_SIGN_STYLE = Automatic;
				DEVELOPMENT_ASSET_PATHS = "\"WOD/Preview Content\"";
				DEVELOPMENT_TEAM = 4Q3L269U78;
				ENABLE_PREVIEWS = YES;
				INFOPLIST_FILE = WOD/Info.plist;
				LD_RUNPATH_SEARCH_PATHS = (
					"$(inherited)",
					"@executable_path/Frameworks",
				);
				PRODUCT_BUNDLE_IDENTIFIER = com.unratedtech.WOD;
				PRODUCT_NAME = "$(TARGET_NAME)";
				SWIFT_VERSION = 5.0;
				TARGETED_DEVICE_FAMILY = "1,2";
			};
			name = Debug;
		};
		1897D66924AA819200CD2365 /* Release */ = {
			isa = XCBuildConfiguration;
			buildSettings = {
				ASSETCATALOG_COMPILER_APPICON_NAME = AppIcon;
				CODE_SIGN_STYLE = Automatic;
				DEVELOPMENT_ASSET_PATHS = "\"WOD/Preview Content\"";
				DEVELOPMENT_TEAM = 4Q3L269U78;
				ENABLE_PREVIEWS = YES;
				INFOPLIST_FILE = WOD/Info.plist;
				LD_RUNPATH_SEARCH_PATHS = (
					"$(inherited)",
					"@executable_path/Frameworks",
				);
				PRODUCT_BUNDLE_IDENTIFIER = com.unratedtech.WOD;
				PRODUCT_NAME = "$(TARGET_NAME)";
				SWIFT_VERSION = 5.0;
				TARGETED_DEVICE_FAMILY = "1,2";
			};
			name = Release;
		};
/* End XCBuildConfiguration section */

/* Begin XCConfigurationList section */
		1897D64B24AA819100CD2365 /* Build configuration list for PBXProject "WOD" */ = {
			isa = XCConfigurationList;
			buildConfigurations = (
				1897D66524AA819200CD2365 /* Debug */,
				1897D66624AA819200CD2365 /* Release */,
			);
			defaultConfigurationIsVisible = 0;
			defaultConfigurationName = Release;
		};
		1897D66724AA819200CD2365 /* Build configuration list for PBXNativeTarget "WOD" */ = {
			isa = XCConfigurationList;
			buildConfigurations = (
				1897D66824AA819200CD2365 /* Debug */,
				1897D66924AA819200CD2365 /* Release */,
			);
			defaultConfigurationIsVisible = 0;
			defaultConfigurationName = Release;
		};
/* End XCConfigurationList section */

/* Begin XCVersionGroup section */
		1897D65724AA819100CD2365 /* WOD.xcdatamodeld */ = {
			isa = XCVersionGroup;
			children = (
				1897D65824AA819100CD2365 /* WOD.xcdatamodel */,
			);
			currentVersion = 1897D65824AA819100CD2365 /* WOD.xcdatamodel */;
			path = WOD.xcdatamodeld;
			sourceTree = "<group>";
			versionGroupType = wrapper.xcdatamodel;
		};
/* End XCVersionGroup section */
	};
	rootObject = 1897D64824AA819100CD2365 /* Project object */;
}
